// !$*UTF8*$!
{
	archiveVersion = 1;
	classes = {
	};
	objectVersion = 50;
	objects = {

/* Begin PBXBuildFile section */
		63DEFB432648523500FDC6B6 /* UtlDiscovery.cpp in Sources */ = {isa = PBXBuildFile; fileRef = 63DEFB422648523500FDC6B6 /* UtlDiscovery.cpp */; };
		63DEFB482648526000FDC6B6 /* aes.cpp in Sources */ = {isa = PBXBuildFile; fileRef = 63DEFB442648526000FDC6B6 /* aes.cpp */; };
		63DEFB492648526000FDC6B6 /* FlvStream.cpp in Sources */ = {isa = PBXBuildFile; fileRef = 63DEFB452648526000FDC6B6 /* FlvStream.cpp */; };
		63DEFB4A2648526000FDC6B6 /* UtlSocket.cpp in Sources */ = {isa = PBXBuildFile; fileRef = 63DEFB462648526000FDC6B6 /* UtlSocket.cpp */; };
		63DEFB4B2648526000FDC6B6 /* v380.cpp in Sources */ = {isa = PBXBuildFile; fileRef = 63DEFB472648526000FDC6B6 /* v380.cpp */; };
/* End PBXBuildFile section */

/* Begin PBXCopyFilesBuildPhase section */
		63DEFB2A2648506700FDC6B6 /* CopyFiles */ = {
			isa = PBXCopyFilesBuildPhase;
			buildActionMask = 2147483647;
			dstPath = /usr/share/man/man1/;
			dstSubfolderSpec = 0;
			files = (
			);
			runOnlyForDeploymentPostprocessing = 1;
		};
/* End PBXCopyFilesBuildPhase section */

/* Begin PBXFileReference section */
		63DEFB2C2648506700FDC6B6 /* v380 */ = {isa = PBXFileReference; explicitFileType = "compiled.mach-o.executable"; includeInIndex = 0; path = v380; sourceTree = BUILT_PRODUCTS_DIR; };
		63DEFB422648523500FDC6B6 /* UtlDiscovery.cpp */ = {isa = PBXFileReference; fileEncoding = 4; lastKnownFileType = sourcecode.cpp.cpp; path = UtlDiscovery.cpp; sourceTree = "<group>"; };
		63DEFB442648526000FDC6B6 /* aes.cpp */ = {isa = PBXFileReference; fileEncoding = 4; lastKnownFileType = sourcecode.cpp.cpp; path = aes.cpp; sourceTree = "<group>"; };
		63DEFB452648526000FDC6B6 /* FlvStream.cpp */ = {isa = PBXFileReference; fileEncoding = 4; lastKnownFileType = sourcecode.cpp.cpp; path = FlvStream.cpp; sourceTree = "<group>"; };
		63DEFB462648526000FDC6B6 /* UtlSocket.cpp */ = {isa = PBXFileReference; fileEncoding = 4; lastKnownFileType = sourcecode.cpp.cpp; path = UtlSocket.cpp; sourceTree = "<group>"; };
		63DEFB472648526000FDC6B6 /* v380.cpp */ = {isa = PBXFileReference; fileEncoding = 4; lastKnownFileType = sourcecode.cpp.cpp; path = v380.cpp; sourceTree = "<group>"; };
		63DEFB4E264852CF00FDC6B6 /* UtlSemaphore.h */ = {isa = PBXFileReference; fileEncoding = 4; lastKnownFileType = sourcecode.c.h; path = UtlSemaphore.h; sourceTree = "<group>"; };
		63DEFB4F264852CF00FDC6B6 /* UtlSocket.h */ = {isa = PBXFileReference; fileEncoding = 4; lastKnownFileType = sourcecode.c.h; path = UtlSocket.h; sourceTree = "<group>"; };
		63DEFB50264852CF00FDC6B6 /* UtlDiscovery.h */ = {isa = PBXFileReference; fileEncoding = 4; lastKnownFileType = sourcecode.c.h; path = UtlDiscovery.h; sourceTree = "<group>"; };
		63DEFB51264852CF00FDC6B6 /* aes.h */ = {isa = PBXFileReference; fileEncoding = 4; lastKnownFileType = sourcecode.c.h; path = aes.h; sourceTree = "<group>"; };
		63DEFB52264852CF00FDC6B6 /* FlvStream.h */ = {isa = PBXFileReference; fileEncoding = 4; lastKnownFileType = sourcecode.c.h; path = FlvStream.h; sourceTree = "<group>"; };
/* End PBXFileReference section */

/* Begin PBXFrameworksBuildPhase section */
		63DEFB292648506700FDC6B6 /* Frameworks */ = {
			isa = PBXFrameworksBuildPhase;
			buildActionMask = 2147483647;
			files = (
			);
			runOnlyForDeploymentPostprocessing = 0;
		};
/* End PBXFrameworksBuildPhase section */

/* Begin PBXGroup section */
		63DEFB232648506700FDC6B6 = {
			isa = PBXGroup;
			children = (
				63DEFB4D2648528D00FDC6B6 /* headers */,
				63DEFB41264851DC00FDC6B6 /* sources */,
				63DEFB2D2648506700FDC6B6 /* Products */,
			);
			sourceTree = "<group>";
		};
		63DEFB2D2648506700FDC6B6 /* Products */ = {
			isa = PBXGroup;
			children = (
				63DEFB2C2648506700FDC6B6 /* v380 */,
			);
			name = Products;
			sourceTree = "<group>";
		};
		63DEFB41264851DC00FDC6B6 /* sources */ = {
			isa = PBXGroup;
			children = (
				63DEFB442648526000FDC6B6 /* aes.cpp */,
				63DEFB452648526000FDC6B6 /* FlvStream.cpp */,
				63DEFB462648526000FDC6B6 /* UtlSocket.cpp */,
				63DEFB472648526000FDC6B6 /* v380.cpp */,
				63DEFB422648523500FDC6B6 /* UtlDiscovery.cpp */,
			);
			name = sources;
			sourceTree = "<group>";
		};
		63DEFB4D2648528D00FDC6B6 /* headers */ = {
			isa = PBXGroup;
			children = (
				63DEFB51264852CF00FDC6B6 /* aes.h */,
				63DEFB52264852CF00FDC6B6 /* FlvStream.h */,
				63DEFB50264852CF00FDC6B6 /* UtlDiscovery.h */,
				63DEFB4E264852CF00FDC6B6 /* UtlSemaphore.h */,
				63DEFB4F264852CF00FDC6B6 /* UtlSocket.h */,
			);
			name = headers;
			sourceTree = "<group>";
		};
/* End PBXGroup section */

/* Begin PBXNativeTarget section */
		63DEFB2B2648506700FDC6B6 /* v380 */ = {
			isa = PBXNativeTarget;
			buildConfigurationList = 63DEFB332648506700FDC6B6 /* Build configuration list for PBXNativeTarget "v380" */;
			buildPhases = (
				63DEFB282648506700FDC6B6 /* Sources */,
				63DEFB292648506700FDC6B6 /* Frameworks */,
				63DEFB2A2648506700FDC6B6 /* CopyFiles */,
			);
			buildRules = (
			);
			dependencies = (
			);
			name = v380;
			productName = v380;
			productReference = 63DEFB2C2648506700FDC6B6 /* v380 */;
			productType = "com.apple.product-type.tool";
		};
/* End PBXNativeTarget section */

/* Begin PBXProject section */
		63DEFB242648506700FDC6B6 /* Project object */ = {
			isa = PBXProject;
			attributes = {
				LastUpgradeCheck = 1250;
				TargetAttributes = {
					63DEFB2B2648506700FDC6B6 = {
						CreatedOnToolsVersion = 12.5;
					};
				};
			};
			buildConfigurationList = 63DEFB272648506700FDC6B6 /* Build configuration list for PBXProject "v380" */;
			compatibilityVersion = "Xcode 9.3";
			developmentRegion = en;
			hasScannedForEncodings = 0;
			knownRegions = (
				en,
				Base,
			);
			mainGroup = 63DEFB232648506700FDC6B6;
			productRefGroup = 63DEFB2D2648506700FDC6B6 /* Products */;
			projectDirPath = "";
			projectRoot = "";
			targets = (
				63DEFB2B2648506700FDC6B6 /* v380 */,
			);
		};
/* End PBXProject section */

/* Begin PBXSourcesBuildPhase section */
		63DEFB282648506700FDC6B6 /* Sources */ = {
			isa = PBXSourcesBuildPhase;
			buildActionMask = 2147483647;
			files = (
				63DEFB4A2648526000FDC6B6 /* UtlSocket.cpp in Sources */,
				63DEFB432648523500FDC6B6 /* UtlDiscovery.cpp in Sources */,
				63DEFB482648526000FDC6B6 /* aes.cpp in Sources */,
				63DEFB4B2648526000FDC6B6 /* v380.cpp in Sources */,
				63DEFB492648526000FDC6B6 /* FlvStream.cpp in Sources */,
			);
			runOnlyForDeploymentPostprocessing = 0;
		};
/* End PBXSourcesBuildPhase section */

/* Begin XCBuildConfiguration section */
		63DEFB312648506700FDC6B6 /* Debug */ = {
			isa = XCBuildConfiguration;
			buildSettings = {
				ALWAYS_SEARCH_USER_PATHS = NO;
				CLANG_ANALYZER_NONNULL = YES;
				CLANG_ANALYZER_NUMBER_OBJECT_CONVERSION = YES_AGGRESSIVE;
				CLANG_CXX_LANGUAGE_STANDARD = "gnu++14";
				CLANG_CXX_LIBRARY = "libc++";
				CLANG_ENABLE_MODULES = YES;
				CLANG_ENABLE_OBJC_ARC = YES;
				CLANG_ENABLE_OBJC_WEAK = YES;
				CLANG_WARN_BLOCK_CAPTURE_AUTORELEASING = YES;
				CLANG_WARN_BOOL_CONVERSION = YES;
				CLANG_WARN_COMMA = YES;
				CLANG_WARN_CONSTANT_CONVERSION = YES;
				CLANG_WARN_DEPRECATED_OBJC_IMPLEMENTATIONS = YES;
				CLANG_WARN_DIRECT_OBJC_ISA_USAGE = YES_ERROR;
				CLANG_WARN_DOCUMENTATION_COMMENTS = YES;
				CLANG_WARN_EMPTY_BODY = YES;
				CLANG_WARN_ENUM_CONVERSION = YES;
				CLANG_WARN_INFINITE_RECURSION = YES;
				CLANG_WARN_INT_CONVERSION = YES;
				CLANG_WARN_NON_LITERAL_NULL_CONVERSION = YES;
				CLANG_WARN_OBJC_IMPLICIT_RETAIN_SELF = YES;
				CLANG_WARN_OBJC_LITERAL_CONVERSION = YES;
				CLANG_WARN_OBJC_ROOT_CLASS = YES_ERROR;
				CLANG_WARN_QUOTED_INCLUDE_IN_FRAMEWORK_HEADER = YES;
				CLANG_WARN_RANGE_LOOP_ANALYSIS = YES;
				CLANG_WARN_STRICT_PROTOTYPES = YES;
				CLANG_WARN_SUSPICIOUS_MOVE = YES;
				CLANG_WARN_UNGUARDED_AVAILABILITY = YES_AGGRESSIVE;
				CLANG_WARN_UNREACHABLE_CODE = YES;
				CLANG_WARN__DUPLICATE_METHOD_MATCH = YES;
				COPY_PHASE_STRIP = NO;
				DEBUG_INFORMATION_FORMAT = dwarf;
				ENABLE_STRICT_OBJC_MSGSEND = YES;
				ENABLE_TESTABILITY = YES;
				GCC_C_LANGUAGE_STANDARD = gnu11;
				GCC_DYNAMIC_NO_PIC = NO;
				GCC_NO_COMMON_BLOCKS = YES;
				GCC_OPTIMIZATION_LEVEL = 0;
				GCC_PREPROCESSOR_DEFINITIONS = (
					"DEBUG=1",
					"$(inherited)",
				);
				GCC_WARN_64_TO_32_BIT_CONVERSION = YES;
				GCC_WARN_ABOUT_RETURN_TYPE = YES_ERROR;
				GCC_WARN_UNDECLARED_SELECTOR = YES;
				GCC_WARN_UNINITIALIZED_AUTOS = YES_AGGRESSIVE;
				GCC_WARN_UNUSED_FUNCTION = YES;
				GCC_WARN_UNUSED_VARIABLE = YES;
				MACOSX_DEPLOYMENT_TARGET = 11.3;
				MTL_ENABLE_DEBUG_INFO = INCLUDE_SOURCE;
				MTL_FAST_MATH = YES;
				ONLY_ACTIVE_ARCH = YES;
				SDKROOT = macosx;
			};
			name = Debug;
		};
		63DEFB322648506700FDC6B6 /* Release */ = {
			isa = XCBuildConfiguration;
			buildSettings = {
				ALWAYS_SEARCH_USER_PATHS = NO;
				CLANG_ANALYZER_NONNULL = YES;
				CLANG_ANALYZER_NUMBER_OBJECT_CONVERSION = YES_AGGRESSIVE;
				CLANG_CXX_LANGUAGE_STANDARD = "gnu++14";
				CLANG_CXX_LIBRARY = "libc++";
				CLANG_ENABLE_MODULES = YES;
				CLANG_ENABLE_OBJC_ARC = YES;
				CLANG_ENABLE_OBJC_WEAK = YES;
				CLANG_WARN_BLOCK_CAPTURE_AUTORELEASING = YES;
				CLANG_WARN_BOOL_CONVERSION = YES;
				CLANG_WARN_COMMA = YES;
				CLANG_WARN_CONSTANT_CONVERSION = YES;
				CLANG_WARN_DEPRECATED_OBJC_IMPLEMENTATIONS = YES;
				CLANG_WARN_DIRECT_OBJC_ISA_USAGE = YES_ERROR;
				CLANG_WARN_DOCUMENTATION_COMMENTS = YES;
				CLANG_WARN_EMPTY_BODY = YES;
				CLANG_WARN_ENUM_CONVERSION = YES;
				CLANG_WARN_INFINITE_RECURSION = YES;
				CLANG_WARN_INT_CONVERSION = YES;
				CLANG_WARN_NON_LITERAL_NULL_CONVERSION = YES;
				CLANG_WARN_OBJC_IMPLICIT_RETAIN_SELF = YES;
				CLANG_WARN_OBJC_LITERAL_CONVERSION = YES;
				CLANG_WARN_OBJC_ROOT_CLASS = YES_ERROR;
				CLANG_WARN_QUOTED_INCLUDE_IN_FRAMEWORK_HEADER = YES;
				CLANG_WARN_RANGE_LOOP_ANALYSIS = YES;
				CLANG_WARN_STRICT_PROTOTYPES = YES;
				CLANG_WARN_SUSPICIOUS_MOVE = YES;
				CLANG_WARN_UNGUARDED_AVAILABILITY = YES_AGGRESSIVE;
				CLANG_WARN_UNREACHABLE_CODE = YES;
				CLANG_WARN__DUPLICATE_METHOD_MATCH = YES;
				COPY_PHASE_STRIP = NO;
				DEBUG_INFORMATION_FORMAT = "dwarf-with-dsym";
				ENABLE_NS_ASSERTIONS = NO;
				ENABLE_STRICT_OBJC_MSGSEND = YES;
				GCC_C_LANGUAGE_STANDARD = gnu11;
				GCC_NO_COMMON_BLOCKS = YES;
				GCC_WARN_64_TO_32_BIT_CONVERSION = YES;
				GCC_WARN_ABOUT_RETURN_TYPE = YES_ERROR;
				GCC_WARN_UNDECLARED_SELECTOR = YES;
				GCC_WARN_UNINITIALIZED_AUTOS = YES_AGGRESSIVE;
				GCC_WARN_UNUSED_FUNCTION = YES;
				GCC_WARN_UNUSED_VARIABLE = YES;
				MACOSX_DEPLOYMENT_TARGET = 11.3;
				MTL_ENABLE_DEBUG_INFO = NO;
				MTL_FAST_MATH = YES;
				SDKROOT = macosx;
			};
			name = Release;
		};
		63DEFB342648506700FDC6B6 /* Debug */ = {
			isa = XCBuildConfiguration;
			buildSettings = {
				CODE_SIGN_STYLE = Automatic;
				OTHER_LDFLAGS = "-std=c++14";
				"OTHER_LDFLAGS[arch=*]" = "-std=c++14";
				PRODUCT_NAME = "$(TARGET_NAME)";
			};
			name = Debug;
		};
		63DEFB352648506700FDC6B6 /* Release */ = {
			isa = XCBuildConfiguration;
			buildSettings = {
				CODE_SIGN_STYLE = Automatic;
				OTHER_LDFLAGS = "-std=c++14";
				"OTHER_LDFLAGS[arch=*]" = "-std=c++14";
				PRODUCT_NAME = "$(TARGET_NAME)";
			};
			name = Release;
		};
/* End XCBuildConfiguration section */

/* Begin XCConfigurationList section */
		63DEFB272648506700FDC6B6 /* Build configuration list for PBXProject "v380" */ = {
			isa = XCConfigurationList;
			buildConfigurations = (
				63DEFB312648506700FDC6B6 /* Debug */,
				63DEFB322648506700FDC6B6 /* Release */,
			);
			defaultConfigurationIsVisible = 0;
			defaultConfigurationName = Release;
		};
		63DEFB332648506700FDC6B6 /* Build configuration list for PBXNativeTarget "v380" */ = {
			isa = XCConfigurationList;
			buildConfigurations = (
				63DEFB342648506700FDC6B6 /* Debug */,
				63DEFB352648506700FDC6B6 /* Release */,
			);
			defaultConfigurationIsVisible = 0;
			defaultConfigurationName = Release;
		};
/* End XCConfigurationList section */
	};
	rootObject = 63DEFB242648506700FDC6B6 /* Project object */;
}
